
Microsoft Visual Studio Solution File, Format Version 12.00
# Visual Studio Version 17
VisualStudioVersion = 17.4.33213.308
MinimumVisualStudioVersion = 10.0.40219.1
Project("{FAE04EC0-301F-11D3-BF4B-00C04F79EFBC}") = "ReconhecimentoFacialAWS", "Site\ReconhecimentoFacialAWS.csproj", "{27449C6C-CFF7-43F0-88DA-D002487B45AE}"
EndProject
Global
	GlobalSection(SolutionConfigurationPlatforms) = preSolution
		Debug|Any CPU = Debug|Any CPU
		Release|Any CPU = Release|Any CPU
	EndGlobalSection
	GlobalSection(ProjectConfigurationPlatforms) = postSolution
		{27449C6C-CFF7-43F0-88DA-D002487B45AE}.Debug|Any CPU.ActiveCfg = Debug|Any CPU
		{27449C6C-CFF7-43F0-88DA-D002487B45AE}.Debug|Any CPU.Build.0 = Debug|Any CPU
		{27449C6C-CFF7-43F0-88DA-D002487B45AE}.Release|Any CPU.ActiveCfg = Release|Any CPU
		{27449C6C-CFF7-43F0-88DA-D002487B45AE}.Release|Any CPU.Build.0 = Release|Any CPU
	EndGlobalSection
	GlobalSection(SolutionProperties) = preSolution
		HideSolutionNode = FALSE
	EndGlobalSection
	GlobalSection(ExtensibilityGlobals) = postSolution
		SolutionGuid = {CD99517B-0833-4488-B135-7FB31BACC9F6}
	EndGlobalSection
EndGlobal
